
Microsoft Visual Studio Solution File, Format Version 12.00
# Visual Studio Version 16
VisualStudioVersion = 16.0.29020.237
MinimumVisualStudioVersion = 10.0.40219.1
Project("{2150E333-8FDC-42A3-9474-1A3956D46DE8}") = "Sample", "Sample", "{F0C92577-339A-43D9-A168-A020D2C64F3C}"
EndProject
Project("{9A19103F-16F7-4668-BE54-9A1E7A4F7556}") = "MsmqExts", "MsmqExts\MsmqExts.csproj", "{E611A844-B575-4606-85AB-1DE47FDD6591}"
EndProject
Project("{FAE04EC0-301F-11D3-BF4B-00C04F79EFBC}") = "DemoMsmqExts.Messages", "Sample\DemoMsmqExts.Messages\DemoMsmqExts.Messages.csproj", "{B22988AE-9CEB-4B1F-9F90-08259EBD6F93}"
EndProject
Project("{9A19103F-16F7-4668-BE54-9A1E7A4F7556}") = "DemoMsmqExts.PublisherNetCore", "Sample\DemoMsmqExts.PublisherNetCore\DemoMsmqExts.PublisherNetCore.csproj", "{27A25A05-DA79-4643-9309-7C3335A04B6D}"
EndProject
Project("{FAE04EC0-301F-11D3-BF4B-00C04F79EFBC}") = "DemoMsmqExts.Consumer", "Sample\DemoMsmqExts.Consumer\DemoMsmqExts.Consumer.csproj", "{A4FA8A5F-F75B-4507-BC74-1230A2E4387C}"
EndProject
Project("{FAE04EC0-301F-11D3-BF4B-00C04F79EFBC}") = "DemoMsmqExts.Publisher", "Sample\DemoMsmqExts.Publisher\DemoMsmqExts.Publisher.csproj", "{86C9A3FB-0789-495B-94EE-257373C15D8F}"
EndProject
Project("{2150E333-8FDC-42A3-9474-1A3956D46DE8}") = "OneMoreSample", "OneMoreSample", "{B12D14DA-F5FF-401C-B97B-27B76761B19D}"
EndProject
Project("{FAE04EC0-301F-11D3-BF4B-00C04F79EFBC}") = "SimpleMsmqExtsSample", "Sample\SimpleMsmqExtsSample\SimpleMsmqExtsSample.csproj", "{CD31D38D-2850-4516-8BF3-AA0B59BD44CC}"
EndProject
Global
	GlobalSection(SolutionConfigurationPlatforms) = preSolution
		Debug|Any CPU = Debug|Any CPU
		Release|Any CPU = Release|Any CPU
	EndGlobalSection
	GlobalSection(ProjectConfigurationPlatforms) = postSolution
		{E611A844-B575-4606-85AB-1DE47FDD6591}.Debug|Any CPU.ActiveCfg = Debug|Any CPU
		{E611A844-B575-4606-85AB-1DE47FDD6591}.Debug|Any CPU.Build.0 = Debug|Any CPU
		{E611A844-B575-4606-85AB-1DE47FDD6591}.Release|Any CPU.ActiveCfg = Release|Any CPU
		{E611A844-B575-4606-85AB-1DE47FDD6591}.Release|Any CPU.Build.0 = Release|Any CPU
		{B22988AE-9CEB-4B1F-9F90-08259EBD6F93}.Debug|Any CPU.ActiveCfg = Debug|Any CPU
		{B22988AE-9CEB-4B1F-9F90-08259EBD6F93}.Debug|Any CPU.Build.0 = Debug|Any CPU
		{B22988AE-9CEB-4B1F-9F90-08259EBD6F93}.Release|Any CPU.ActiveCfg = Release|Any CPU
		{B22988AE-9CEB-4B1F-9F90-08259EBD6F93}.Release|Any CPU.Build.0 = Release|Any CPU
		{27A25A05-DA79-4643-9309-7C3335A04B6D}.Debug|Any CPU.ActiveCfg = Debug|Any CPU
		{27A25A05-DA79-4643-9309-7C3335A04B6D}.Debug|Any CPU.Build.0 = Debug|Any CPU
		{27A25A05-DA79-4643-9309-7C3335A04B6D}.Release|Any CPU.ActiveCfg = Release|Any CPU
		{27A25A05-DA79-4643-9309-7C3335A04B6D}.Release|Any CPU.Build.0 = Release|Any CPU
		{A4FA8A5F-F75B-4507-BC74-1230A2E4387C}.Debug|Any CPU.ActiveCfg = Debug|Any CPU
		{A4FA8A5F-F75B-4507-BC74-1230A2E4387C}.Debug|Any CPU.Build.0 = Debug|Any CPU
		{A4FA8A5F-F75B-4507-BC74-1230A2E4387C}.Release|Any CPU.ActiveCfg = Release|Any CPU
		{A4FA8A5F-F75B-4507-BC74-1230A2E4387C}.Release|Any CPU.Build.0 = Release|Any CPU
		{86C9A3FB-0789-495B-94EE-257373C15D8F}.Debug|Any CPU.ActiveCfg = Debug|Any CPU
		{86C9A3FB-0789-495B-94EE-257373C15D8F}.Debug|Any CPU.Build.0 = Debug|Any CPU
		{86C9A3FB-0789-495B-94EE-257373C15D8F}.Release|Any CPU.ActiveCfg = Release|Any CPU
		{86C9A3FB-0789-495B-94EE-257373C15D8F}.Release|Any CPU.Build.0 = Release|Any CPU
		{CD31D38D-2850-4516-8BF3-AA0B59BD44CC}.Debug|Any CPU.ActiveCfg = Debug|Any CPU
		{CD31D38D-2850-4516-8BF3-AA0B59BD44CC}.Debug|Any CPU.Build.0 = Debug|Any CPU
		{CD31D38D-2850-4516-8BF3-AA0B59BD44CC}.Release|Any CPU.ActiveCfg = Release|Any CPU
		{CD31D38D-2850-4516-8BF3-AA0B59BD44CC}.Release|Any CPU.Build.0 = Release|Any CPU
	EndGlobalSection
	GlobalSection(SolutionProperties) = preSolution
		HideSolutionNode = FALSE
	EndGlobalSection
	GlobalSection(NestedProjects) = preSolution
		{B22988AE-9CEB-4B1F-9F90-08259EBD6F93} = {F0C92577-339A-43D9-A168-A020D2C64F3C}
		{27A25A05-DA79-4643-9309-7C3335A04B6D} = {F0C92577-339A-43D9-A168-A020D2C64F3C}
		{A4FA8A5F-F75B-4507-BC74-1230A2E4387C} = {F0C92577-339A-43D9-A168-A020D2C64F3C}
		{86C9A3FB-0789-495B-94EE-257373C15D8F} = {F0C92577-339A-43D9-A168-A020D2C64F3C}
		{CD31D38D-2850-4516-8BF3-AA0B59BD44CC} = {B12D14DA-F5FF-401C-B97B-27B76761B19D}
	EndGlobalSection
	GlobalSection(ExtensibilityGlobals) = postSolution
		SolutionGuid = {C54B07CB-E62D-4D66-B115-3C1F60B9B4F4}
	EndGlobalSection
EndGlobal
